{
  "name": "verdaderofalso",
  "version": "0.1.0",
  "lockfileVersion": 1,
  "requires": true,
  "dependencies": {
    "react-step-wizard": {
      "version": "5.3.9",
      "resolved": "https://registry.npmjs.org/react-step-wizard/-/react-step-wizard-5.3.9.tgz",
      "integrity": "sha512-CJdWckYHAYZOD8E8p38EiFpyIJoknouroyFy6AV3YzTcCMyiyivzLMxruUZUUoKqriZH70Ik9wadBCoGSVzW0Q=="
    }
  }
}
